
Microsoft Visual Studio Solution File, Format Version 12.00
# Visual Studio Version 17
VisualStudioVersion = 17.14.36127.28 d17.14
MinimumVisualStudioVersion = 10.0.40219.1
Project("{FAE04EC0-301F-11D3-BF4B-00C04F79EFBC}") = "DesafioServenDays", "DesafioServenDays\DesafioServenDays.csproj", "{C4DD973D-29EB-4BC4-A9EA-59F1A4CA2C93}"
EndProject
Global
	GlobalSection(SolutionConfigurationPlatforms) = preSolution
		Debug|Any CPU = Debug|Any CPU
		Release|Any CPU = Release|Any CPU
	EndGlobalSection
	GlobalSection(ProjectConfigurationPlatforms) = postSolution
		{C4DD973D-29EB-4BC4-A9EA-59F1A4CA2C93}.Debug|Any CPU.ActiveCfg = Debug|Any CPU
		{C4DD973D-29EB-4BC4-A9EA-59F1A4CA2C93}.Debug|Any CPU.Build.0 = Debug|Any CPU
		{C4DD973D-29EB-4BC4-A9EA-59F1A4CA2C93}.Release|Any CPU.ActiveCfg = Release|Any CPU
		{C4DD973D-29EB-4BC4-A9EA-59F1A4CA2C93}.Release|Any CPU.Build.0 = Release|Any CPU
	EndGlobalSection
	GlobalSection(SolutionProperties) = preSolution
		HideSolutionNode = FALSE
	EndGlobalSection
	GlobalSection(ExtensibilityGlobals) = postSolution
		SolutionGuid = {1EED1BC9-1332-47AD-9038-D5984DDA13C7}
	EndGlobalSection
EndGlobal
